{
  "name": "pure-plinko",
  "lockfileVersion": 3,
  "requires": true,
  "packages": {
    "": {
      "name": "pure-plinko",
      "dependencies": {
        "@kap-solo/suki-engine": "github:kap-solo/suki-engine#4a2da26"
      },
      "engines": {
        "node": ">=20"
      }
    },
    "node_modules/@kap-solo/suki-engine": {
      "version": "0.1.0",
      "resolved": "git+ssh://git@github.com/kap-solo/suki-engine.git#4a2da26de60cf52e2dde65c68257c161aabdab99",
      "license": "UNLICENSED",
      "engines": {
        "node": ">=20"
      }
    }
  }
}
