{
  "name": "pure-plinko",
  "lockfileVersion": 3,
  "requires": true,
  "packages": {
    "": {
      "name": "pure-plinko",
      "dependencies": {
        "@kap-solo/suki-engine": "github:kap-solo/suki-engine#f448f90"
      },
      "engines": {
        "node": ">=20"
      }
    },
    "node_modules/@kap-solo/suki-engine": {
      "version": "0.1.0",
      "resolved": "git+https://github.com/kap-solo/suki-engine.git#f448f90007ad690d231e333e37f4b041c4a4c685",
      "license": "UNLICENSED",
      "engines": {
        "node": ">=20"
      }
    }
  }
}
